// !$*UTF8*$!
{
	archiveVersion = 1;
	classes = {
	};
	objectVersion = 46;
	objects = {

/* Begin PBXBuildFile section */
		4BD0230A1B8F44690022D949 /* AppDelegate.swift in Sources */ = {isa = PBXBuildFile; fileRef = 4BD023091B8F44690022D949 /* AppDelegate.swift */; };
		4BD0230C1B8F44690022D949 /* ViewController.swift in Sources */ = {isa = PBXBuildFile; fileRef = 4BD0230B1B8F44690022D949 /* ViewController.swift */; };
		4BD0230F1B8F44690022D949 /* Main.storyboard in Resources */ = {isa = PBXBuildFile; fileRef = 4BD0230D1B8F44690022D949 /* Main.storyboard */; };
		4BD023111B8F44690022D949 /* Images.xcassets in Resources */ = {isa = PBXBuildFile; fileRef = 4BD023101B8F44690022D949 /* Images.xcassets */; };
		4BD023141B8F44690022D949 /* LaunchScreen.xib in Resources */ = {isa = PBXBuildFile; fileRef = 4BD023121B8F44690022D949 /* LaunchScreen.xib */; };
		4BD023201B8F44690022D949 /* GoogleMapCalloutViewSwiftDemoTests.swift in Sources */ = {isa = PBXBuildFile; fileRef = 4BD0231F1B8F44690022D949 /* GoogleMapCalloutViewSwiftDemoTests.swift */; };
/* End PBXBuildFile section */

/* Begin PBXContainerItemProxy section */
		4BD0231A1B8F44690022D949 /* PBXContainerItemProxy */ = {
			isa = PBXContainerItemProxy;
			containerPortal = 4BD022FC1B8F44690022D949 /* Project object */;
			proxyType = 1;
			remoteGlobalIDString = 4BD023031B8F44690022D949;
			remoteInfo = GoogleMapCalloutViewSwiftDemo;
		};
/* End PBXContainerItemProxy section */

/* Begin PBXFileReference section */
		4BD023041B8F44690022D949 /* GoogleMapCalloutViewSwiftDemo.app */ = {isa = PBXFileReference; explicitFileType = wrapper.application; includeInIndex = 0; path = GoogleMapCalloutViewSwiftDemo.app; sourceTree = BUILT_PRODUCTS_DIR; };
		4BD023081B8F44690022D949 /* Info.plist */ = {isa = PBXFileReference; lastKnownFileType = text.plist.xml; path = Info.plist; sourceTree = "<group>"; };
		4BD023091B8F44690022D949 /* AppDelegate.swift */ = {isa = PBXFileReference; lastKnownFileType = sourcecode.swift; path = AppDelegate.swift; sourceTree = "<group>"; };
		4BD0230B1B8F44690022D949 /* ViewController.swift */ = {isa = PBXFileReference; lastKnownFileType = sourcecode.swift; path = ViewController.swift; sourceTree = "<group>"; };
		4BD0230E1B8F44690022D949 /* Base */ = {isa = PBXFileReference; lastKnownFileType = file.storyboard; name = Base; path = Base.lproj/Main.storyboard; sourceTree = "<group>"; };
		4BD023101B8F44690022D949 /* Images.xcassets */ = {isa = PBXFileReference; lastKnownFileType = folder.assetcatalog; path = Images.xcassets; sourceTree = "<group>"; };
		4BD023131B8F44690022D949 /* Base */ = {isa = PBXFileReference; lastKnownFileType = file.xib; name = Base; path = Base.lproj/LaunchScreen.xib; sourceTree = "<group>"; };
		4BD023191B8F44690022D949 /* GoogleMapCalloutViewSwiftDemoTests.xctest */ = {isa = PBXFileReference; explicitFileType = wrapper.cfbundle; includeInIndex = 0; path = GoogleMapCalloutViewSwiftDemoTests.xctest; sourceTree = BUILT_PRODUCTS_DIR; };
		4BD0231E1B8F44690022D949 /* Info.plist */ = {isa = PBXFileReference; lastKnownFileType = text.plist.xml; path = Info.plist; sourceTree = "<group>"; };
		4BD0231F1B8F44690022D949 /* GoogleMapCalloutViewSwiftDemoTests.swift */ = {isa = PBXFileReference; lastKnownFileType = sourcecode.swift; path = GoogleMapCalloutViewSwiftDemoTests.swift; sourceTree = "<group>"; };
/* End PBXFileReference section */

/* Begin PBXFrameworksBuildPhase section */
		4BD023011B8F44690022D949 /* Frameworks */ = {
			isa = PBXFrameworksBuildPhase;
			buildActionMask = 2147483647;
			files = (
			);
			runOnlyForDeploymentPostprocessing = 0;
		};
		4BD023161B8F44690022D949 /* Frameworks */ = {
			isa = PBXFrameworksBuildPhase;
			buildActionMask = 2147483647;
			files = (
			);
			runOnlyForDeploymentPostprocessing = 0;
		};
/* End PBXFrameworksBuildPhase section */

/* Begin PBXGroup section */
		4BD022FB1B8F44690022D949 = {
			isa = PBXGroup;
			children = (
				4BD023061B8F44690022D949 /* GoogleMapCalloutViewSwiftDemo */,
				4BD0231C1B8F44690022D949 /* GoogleMapCalloutViewSwiftDemoTests */,
				4BD023051B8F44690022D949 /* Products */,
			);
			sourceTree = "<group>";
		};
		4BD023051B8F44690022D949 /* Products */ = {
			isa = PBXGroup;
			children = (
				4BD023041B8F44690022D949 /* GoogleMapCalloutViewSwiftDemo.app */,
				4BD023191B8F44690022D949 /* GoogleMapCalloutViewSwiftDemoTests.xctest */,
			);
			name = Products;
			sourceTree = "<group>";
		};
		4BD023061B8F44690022D949 /* GoogleMapCalloutViewSwiftDemo */ = {
			isa = PBXGroup;
			children = (
				4BD023091B8F44690022D949 /* AppDelegate.swift */,
				4BD0230B1B8F44690022D949 /* ViewController.swift */,
				4BD0230D1B8F44690022D949 /* Main.storyboard */,
				4BD023101B8F44690022D949 /* Images.xcassets */,
				4BD023121B8F44690022D949 /* LaunchScreen.xib */,
				4BD023071B8F44690022D949 /* Supporting Files */,
			);
			path = GoogleMapCalloutViewSwiftDemo;
			sourceTree = "<group>";
		};
		4BD023071B8F44690022D949 /* Supporting Files */ = {
			isa = PBXGroup;
			children = (
				4BD023081B8F44690022D949 /* Info.plist */,
			);
			name = "Supporting Files";
			sourceTree = "<group>";
		};
		4BD0231C1B8F44690022D949 /* GoogleMapCalloutViewSwiftDemoTests */ = {
			isa = PBXGroup;
			children = (
				4BD0231F1B8F44690022D949 /* GoogleMapCalloutViewSwiftDemoTests.swift */,
				4BD0231D1B8F44690022D949 /* Supporting Files */,
			);
			path = GoogleMapCalloutViewSwiftDemoTests;
			sourceTree = "<group>";
		};
		4BD0231D1B8F44690022D949 /* Supporting Files */ = {
			isa = PBXGroup;
			children = (
				4BD0231E1B8F44690022D949 /* Info.plist */,
			);
			name = "Supporting Files";
			sourceTree = "<group>";
		};
/* End PBXGroup section */

/* Begin PBXNativeTarget section */
		4BD023031B8F44690022D949 /* GoogleMapCalloutViewSwiftDemo */ = {
			isa = PBXNativeTarget;
			buildConfigurationList = 4BD023231B8F44690022D949 /* Build configuration list for PBXNativeTarget "GoogleMapCalloutViewSwiftDemo" */;
			buildPhases = (
				4BD023001B8F44690022D949 /* Sources */,
				4BD023011B8F44690022D949 /* Frameworks */,
				4BD023021B8F44690022D949 /* Resources */,
			);
			buildRules = (
			);
			dependencies = (
			);
			name = GoogleMapCalloutViewSwiftDemo;
			productName = GoogleMapCalloutViewSwiftDemo;
			productReference = 4BD023041B8F44690022D949 /* GoogleMapCalloutViewSwiftDemo.app */;
			productType = "com.apple.product-type.application";
		};
		4BD023181B8F44690022D949 /* GoogleMapCalloutViewSwiftDemoTests */ = {
			isa = PBXNativeTarget;
			buildConfigurationList = 4BD023261B8F44690022D949 /* Build configuration list for PBXNativeTarget "GoogleMapCalloutViewSwiftDemoTests" */;
			buildPhases = (
				4BD023151B8F44690022D949 /* Sources */,
				4BD023161B8F44690022D949 /* Frameworks */,
				4BD023171B8F44690022D949 /* Resources */,
			);
			buildRules = (
			);
			dependencies = (
				4BD0231B1B8F44690022D949 /* PBXTargetDependency */,
			);
			name = GoogleMapCalloutViewSwiftDemoTests;
			productName = GoogleMapCalloutViewSwiftDemoTests;
			productReference = 4BD023191B8F44690022D949 /* GoogleMapCalloutViewSwiftDemoTests.xctest */;
			productType = "com.apple.product-type.bundle.unit-test";
		};
/* End PBXNativeTarget section */

/* Begin PBXProject section */
		4BD022FC1B8F44690022D949 /* Project object */ = {
			isa = PBXProject;
			attributes = {
				LastUpgradeCheck = 0640;
				ORGANIZATIONNAME = polidog;
				TargetAttributes = {
					4BD023031B8F44690022D949 = {
						CreatedOnToolsVersion = 6.4;
					};
					4BD023181B8F44690022D949 = {
						CreatedOnToolsVersion = 6.4;
						TestTargetID = 4BD023031B8F44690022D949;
					};
				};
			};
			buildConfigurationList = 4BD022FF1B8F44690022D949 /* Build configuration list for PBXProject "GoogleMapCalloutViewSwiftDemo" */;
			compatibilityVersion = "Xcode 3.2";
			developmentRegion = English;
			hasScannedForEncodings = 0;
			knownRegions = (
				en,
				Base,
			);
			mainGroup = 4BD022FB1B8F44690022D949;
			productRefGroup = 4BD023051B8F44690022D949 /* Products */;
			projectDirPath = "";
			projectRoot = "";
			targets = (
				4BD023031B8F44690022D949 /* GoogleMapCalloutViewSwiftDemo */,
				4BD023181B8F44690022D949 /* GoogleMapCalloutViewSwiftDemoTests */,
			);
		};
/* End PBXProject section */

/* Begin PBXResourcesBuildPhase section */
		4BD023021B8F44690022D949 /* Resources */ = {
			isa = PBXResourcesBuildPhase;
			buildActionMask = 2147483647;
			files = (
				4BD0230F1B8F44690022D949 /* Main.storyboard in Resources */,
				4BD023141B8F44690022D949 /* LaunchScreen.xib in Resources */,
				4BD023111B8F44690022D949 /* Images.xcassets in Resources */,
			);
			runOnlyForDeploymentPostprocessing = 0;
		};
		4BD023171B8F44690022D949 /* Resources */ = {
			isa = PBXResourcesBuildPhase;
			buildActionMask = 2147483647;
			files = (
			);
			runOnlyForDeploymentPostprocessing = 0;
		};
/* End PBXResourcesBuildPhase section */

/* Begin PBXSourcesBuildPhase section */
		4BD023001B8F44690022D949 /* Sources */ = {
			isa = PBXSourcesBuildPhase;
			buildActionMask = 2147483647;
			files = (
				4BD0230C1B8F44690022D949 /* ViewController.swift in Sources */,
				4BD0230A1B8F44690022D949 /* AppDelegate.swift in Sources */,
			);
			runOnlyForDeploymentPostprocessing = 0;
		};
		4BD023151B8F44690022D949 /* Sources */ = {
			isa = PBXSourcesBuildPhase;
			buildActionMask = 2147483647;
			files = (
				4BD023201B8F44690022D949 /* GoogleMapCalloutViewSwiftDemoTests.swift in Sources */,
			);
			runOnlyForDeploymentPostprocessing = 0;
		};
/* End PBXSourcesBuildPhase section */

/* Begin PBXTargetDependency section */
		4BD0231B1B8F44690022D949 /* PBXTargetDependency */ = {
			isa = PBXTargetDependency;
			target = 4BD023031B8F44690022D949 /* GoogleMapCalloutViewSwiftDemo */;
			targetProxy = 4BD0231A1B8F44690022D949 /* PBXContainerItemProxy */;
		};
/* End PBXTargetDependency section */

/* Begin PBXVariantGroup section */
		4BD0230D1B8F44690022D949 /* Main.storyboard */ = {
			isa = PBXVariantGroup;
			children = (
				4BD0230E1B8F44690022D949 /* Base */,
			);
			name = Main.storyboard;
			sourceTree = "<group>";
		};
		4BD023121B8F44690022D949 /* LaunchScreen.xib */ = {
			isa = PBXVariantGroup;
			children = (
				4BD023131B8F44690022D949 /* Base */,
			);
			name = LaunchScreen.xib;
			sourceTree = "<group>";
		};
/* End PBXVariantGroup section */

/* Begin XCBuildConfiguration section */
		4BD023211B8F44690022D949 /* Debug */ = {
			isa = XCBuildConfiguration;
			buildSettings = {
				ALWAYS_SEARCH_USER_PATHS = NO;
				CLANG_CXX_LANGUAGE_STANDARD = "gnu++0x";
				CLANG_CXX_LIBRARY = "libc++";
				CLANG_ENABLE_MODULES = YES;
				CLANG_ENABLE_OBJC_ARC = YES;
				CLANG_WARN_BOOL_CONVERSION = YES;
				CLANG_WARN_CONSTANT_CONVERSION = YES;
				CLANG_WARN_DIRECT_OBJC_ISA_USAGE = YES_ERROR;
				CLANG_WARN_EMPTY_BODY = YES;
				CLANG_WARN_ENUM_CONVERSION = YES;
				CLANG_WARN_INT_CONVERSION = YES;
				CLANG_WARN_OBJC_ROOT_CLASS = YES_ERROR;
				CLANG_WARN_UNREACHABLE_CODE = YES;
				CLANG_WARN__DUPLICATE_METHOD_MATCH = YES;
				"CODE_SIGN_IDENTITY[sdk=iphoneos*]" = "iPhone Developer";
				COPY_PHASE_STRIP = NO;
				DEBUG_INFORMATION_FORMAT = "dwarf-with-dsym";
				ENABLE_STRICT_OBJC_MSGSEND = YES;
				GCC_C_LANGUAGE_STANDARD = gnu99;
				GCC_DYNAMIC_NO_PIC = NO;
				GCC_NO_COMMON_BLOCKS = YES;
				GCC_OPTIMIZATION_LEVEL = 0;
				GCC_PREPROCESSOR_DEFINITIONS = (
					"DEBUG=1",
					"$(inherited)",
				);
				GCC_SYMBOLS_PRIVATE_EXTERN = NO;
				GCC_WARN_64_TO_32_BIT_CONVERSION = YES;
				GCC_WARN_ABOUT_RETURN_TYPE = YES_ERROR;
				GCC_WARN_UNDECLARED_SELECTOR = YES;
				GCC_WARN_UNINITIALIZED_AUTOS = YES_AGGRESSIVE;
				GCC_WARN_UNUSED_FUNCTION = YES;
				GCC_WARN_UNUSED_VARIABLE = YES;
				IPHONEOS_DEPLOYMENT_TARGET = 8.4;
				MTL_ENABLE_DEBUG_INFO = YES;
				ONLY_ACTIVE_ARCH = YES;
				SDKROOT = iphoneos;
				SWIFT_OPTIMIZATION_LEVEL = "-Onone";
				TARGETED_DEVICE_FAMILY = "1,2";
			};
			name = Debug;
		};
		4BD023221B8F44690022D949 /* Release */ = {
			isa = XCBuildConfiguration;
			buildSettings = {
				ALWAYS_SEARCH_USER_PATHS = NO;
				CLANG_CXX_LANGUAGE_STANDARD = "gnu++0x";
				CLANG_CXX_LIBRARY = "libc++";
				CLANG_ENABLE_MODULES = YES;
				CLANG_ENABLE_OBJC_ARC = YES;
				CLANG_WARN_BOOL_CONVERSION = YES;
				CLANG_WARN_CONSTANT_CONVERSION = YES;
				CLANG_WARN_DIRECT_OBJC_ISA_USAGE = YES_ERROR;
				CLANG_WARN_EMPTY_BODY = YES;
				CLANG_WARN_ENUM_CONVERSION = YES;
				CLANG_WARN_INT_CONVERSION = YES;
				CLANG_WARN_OBJC_ROOT_CLASS = YES_ERROR;
				CLANG_WARN_UNREACHABLE_CODE = YES;
				CLANG_WARN__DUPLICATE_METHOD_MATCH = YES;
				"CODE_SIGN_IDENTITY[sdk=iphoneos*]" = "iPhone Developer";
				COPY_PHASE_STRIP = NO;
				DEBUG_INFORMATION_FORMAT = "dwarf-with-dsym";
				ENABLE_NS_ASSERTIONS = NO;
				ENABLE_STRICT_OBJC_MSGSEND = YES;
				GCC_C_LANGUAGE_STANDARD = gnu99;
				GCC_NO_COMMON_BLOCKS = YES;
				GCC_WARN_64_TO_32_BIT_CONVERSION = YES;
				GCC_WARN_ABOUT_RETURN_TYPE = YES_ERROR;
				GCC_WARN_UNDECLARED_SELECTOR = YES;
				GCC_WARN_UNINITIALIZED_AUTOS = YES_AGGRESSIVE;
				GCC_WARN_UNUSED_FUNCTION = YES;
				GCC_WARN_UNUSED_VARIABLE = YES;
				IPHONEOS_DEPLOYMENT_TARGET = 8.4;
				MTL_ENABLE_DEBUG_INFO = NO;
				SDKROOT = iphoneos;
				TARGETED_DEVICE_FAMILY = "1,2";
				VALIDATE_PRODUCT = YES;
			};
			name = Release;
		};
		4BD023241B8F44690022D949 /* Debug */ = {
			isa = XCBuildConfiguration;
			buildSettings = {
				ASSETCATALOG_COMPILER_APPICON_NAME = AppIcon;
				INFOPLIST_FILE = GoogleMapCalloutViewSwiftDemo/Info.plist;
				LD_RUNPATH_SEARCH_PATHS = "$(inherited) @executable_path/Frameworks";
				PRODUCT_NAME = "$(TARGET_NAME)";
			};
			name = Debug;
		};
		4BD023251B8F44690022D949 /* Release */ = {
			isa = XCBuildConfiguration;
			buildSettings = {
				ASSETCATALOG_COMPILER_APPICON_NAME = AppIcon;
				INFOPLIST_FILE = GoogleMapCalloutViewSwiftDemo/Info.plist;
				LD_RUNPATH_SEARCH_PATHS = "$(inherited) @executable_path/Frameworks";
				PRODUCT_NAME = "$(TARGET_NAME)";
			};
			name = Release;
		};
		4BD023271B8F44690022D949 /* Debug */ = {
			isa = XCBuildConfiguration;
			buildSettings = {
				BUNDLE_LOADER = "$(TEST_HOST)";
				FRAMEWORK_SEARCH_PATHS = (
					"$(SDKROOT)/Developer/Library/Frameworks",
					"$(inherited)",
				);
				GCC_PREPROCESSOR_DEFINITIONS = (
					"DEBUG=1",
					"$(inherited)",
				);
				INFOPLIST_FILE = GoogleMapCalloutViewSwiftDemoTests/Info.plist;
				LD_RUNPATH_SEARCH_PATHS = "$(inherited) @executable_path/Frameworks @loader_path/Frameworks";
				PRODUCT_NAME = "$(TARGET_NAME)";
				TEST_HOST = "$(BUILT_PRODUCTS_DIR)/GoogleMapCalloutViewSwiftDemo.app/GoogleMapCalloutViewSwiftDemo";
			};
			name = Debug;
		};
		4BD023281B8F44690022D949 /* Release */ = {
			isa = XCBuildConfiguration;
			buildSettings = {
				BUNDLE_LOADER = "$(TEST_HOST)";
				FRAMEWORK_SEARCH_PATHS = (
					"$(SDKROOT)/Developer/Library/Frameworks",
					"$(inherited)",
				);
				INFOPLIST_FILE = GoogleMapCalloutViewSwiftDemoTests/Info.plist;
				LD_RUNPATH_SEARCH_PATHS = "$(inherited) @executable_path/Frameworks @loader_path/Frameworks";
				PRODUCT_NAME = "$(TARGET_NAME)";
				TEST_HOST = "$(BUILT_PRODUCTS_DIR)/GoogleMapCalloutViewSwiftDemo.app/GoogleMapCalloutViewSwiftDemo";
			};
			name = Release;
		};
/* End XCBuildConfiguration section */

/* Begin XCConfigurationList section */
		4BD022FF1B8F44690022D949 /* Build configuration list for PBXProject "GoogleMapCalloutViewSwiftDemo" */ = {
			isa = XCConfigurationList;
			buildConfigurations = (
				4BD023211B8F44690022D949 /* Debug */,
				4BD023221B8F44690022D949 /* Release */,
			);
			defaultConfigurationIsVisible = 0;
			defaultConfigurationName = Release;
		};
		4BD023231B8F44690022D949 /* Build configuration list for PBXNativeTarget "GoogleMapCalloutViewSwiftDemo" */ = {
			isa = XCConfigurationList;
			buildConfigurations = (
				4BD023241B8F44690022D949 /* Debug */,
				4BD023251B8F44690022D949 /* Release */,
			);
			defaultConfigurationIsVisible = 0;
		};
		4BD023261B8F44690022D949 /* Build configuration list for PBXNativeTarget "GoogleMapCalloutViewSwiftDemoTests" */ = {
			isa = XCConfigurationList;
			buildConfigurations = (
				4BD023271B8F44690022D949 /* Debug */,
				4BD023281B8F44690022D949 /* Release */,
			);
			defaultConfigurationIsVisible = 0;
		};
/* End XCConfigurationList section */
	};
	rootObject = 4BD022FC1B8F44690022D949 /* Project object */;
}
